
Microsoft Visual Studio Solution File, Format Version 12.00
# Visual Studio Version 16
VisualStudioVersion = 16.0.30621.155
MinimumVisualStudioVersion = 10.0.40219.1
Project("{9A19103F-16F7-4668-BE54-9A1E7A4F7556}") = "Cdsi.SupportingData", "Cdsi.SupportingData\Cdsi.SupportingData.csproj", "{1279EE41-5497-4730-BFAB-03B466E9CCB6}"
EndProject
Project("{2150E333-8FDC-42A3-9474-1A3956D46DE8}") = "ReferenceData", "ReferenceData", "{DB21433F-4F30-4AAC-B1F4-59ACD4287F05}"
EndProject
Project("{9A19103F-16F7-4668-BE54-9A1E7A4F7556}") = "Cdsi.ReferenceLibrary", "Cdsi.ReferenceLibrary\Cdsi.ReferenceLibrary.csproj", "{DDE6ACA0-B29D-44F0-A22C-BE3C05979D45}"
EndProject
Project("{2150E333-8FDC-42A3-9474-1A3956D46DE8}") = "Apps", "Apps", "{FEA621C6-E63F-4810-BC3D-63306D5F292E}"
EndProject
Project("{9A19103F-16F7-4668-BE54-9A1E7A4F7556}") = "Cdsi.Testcase", "Cdsi.Testcase\Cdsi.Testcase.csproj", "{6ED14FDE-C994-421A-BB6A-AFE47450985F}"
EndProject
Project("{FAE04EC0-301F-11D3-BF4B-00C04F79EFBC}") = "genschedule", "genschedule\genschedule.csproj", "{FBC8155A-0075-4B7C-908E-88E302DED7A9}"
EndProject
Project("{FAE04EC0-301F-11D3-BF4B-00C04F79EFBC}") = "gentestcases", "gentestcases\gentestcases.csproj", "{C3E40105-77A0-4DB5-B22C-A62E20314529}"
EndProject
Project("{9A19103F-16F7-4668-BE54-9A1E7A4F7556}") = "genantigens", "genantigens\genantigens.csproj", "{CF9E84A8-CFDD-43DE-81C6-5D9EEF4D5EA2}"
EndProject
Global
	GlobalSection(SolutionConfigurationPlatforms) = preSolution
		Debug|Any CPU = Debug|Any CPU
		Release|Any CPU = Release|Any CPU
	EndGlobalSection
	GlobalSection(ProjectConfigurationPlatforms) = postSolution
		{1279EE41-5497-4730-BFAB-03B466E9CCB6}.Debug|Any CPU.ActiveCfg = Debug|Any CPU
		{1279EE41-5497-4730-BFAB-03B466E9CCB6}.Debug|Any CPU.Build.0 = Debug|Any CPU
		{1279EE41-5497-4730-BFAB-03B466E9CCB6}.Release|Any CPU.ActiveCfg = Release|Any CPU
		{1279EE41-5497-4730-BFAB-03B466E9CCB6}.Release|Any CPU.Build.0 = Release|Any CPU
		{DDE6ACA0-B29D-44F0-A22C-BE3C05979D45}.Debug|Any CPU.ActiveCfg = Debug|Any CPU
		{DDE6ACA0-B29D-44F0-A22C-BE3C05979D45}.Debug|Any CPU.Build.0 = Debug|Any CPU
		{DDE6ACA0-B29D-44F0-A22C-BE3C05979D45}.Release|Any CPU.ActiveCfg = Release|Any CPU
		{DDE6ACA0-B29D-44F0-A22C-BE3C05979D45}.Release|Any CPU.Build.0 = Release|Any CPU
		{6ED14FDE-C994-421A-BB6A-AFE47450985F}.Debug|Any CPU.ActiveCfg = Debug|Any CPU
		{6ED14FDE-C994-421A-BB6A-AFE47450985F}.Debug|Any CPU.Build.0 = Debug|Any CPU
		{6ED14FDE-C994-421A-BB6A-AFE47450985F}.Release|Any CPU.ActiveCfg = Release|Any CPU
		{6ED14FDE-C994-421A-BB6A-AFE47450985F}.Release|Any CPU.Build.0 = Release|Any CPU
		{FBC8155A-0075-4B7C-908E-88E302DED7A9}.Debug|Any CPU.ActiveCfg = Debug|Any CPU
		{FBC8155A-0075-4B7C-908E-88E302DED7A9}.Debug|Any CPU.Build.0 = Debug|Any CPU
		{FBC8155A-0075-4B7C-908E-88E302DED7A9}.Release|Any CPU.ActiveCfg = Release|Any CPU
		{FBC8155A-0075-4B7C-908E-88E302DED7A9}.Release|Any CPU.Build.0 = Release|Any CPU
		{C3E40105-77A0-4DB5-B22C-A62E20314529}.Debug|Any CPU.ActiveCfg = Debug|Any CPU
		{C3E40105-77A0-4DB5-B22C-A62E20314529}.Debug|Any CPU.Build.0 = Debug|Any CPU
		{C3E40105-77A0-4DB5-B22C-A62E20314529}.Release|Any CPU.ActiveCfg = Release|Any CPU
		{C3E40105-77A0-4DB5-B22C-A62E20314529}.Release|Any CPU.Build.0 = Release|Any CPU
		{CF9E84A8-CFDD-43DE-81C6-5D9EEF4D5EA2}.Debug|Any CPU.ActiveCfg = Debug|Any CPU
		{CF9E84A8-CFDD-43DE-81C6-5D9EEF4D5EA2}.Debug|Any CPU.Build.0 = Debug|Any CPU
		{CF9E84A8-CFDD-43DE-81C6-5D9EEF4D5EA2}.Release|Any CPU.ActiveCfg = Release|Any CPU
		{CF9E84A8-CFDD-43DE-81C6-5D9EEF4D5EA2}.Release|Any CPU.Build.0 = Release|Any CPU
	EndGlobalSection
	GlobalSection(SolutionProperties) = preSolution
		HideSolutionNode = FALSE
	EndGlobalSection
	GlobalSection(NestedProjects) = preSolution
		{1279EE41-5497-4730-BFAB-03B466E9CCB6} = {DB21433F-4F30-4AAC-B1F4-59ACD4287F05}
		{DDE6ACA0-B29D-44F0-A22C-BE3C05979D45} = {DB21433F-4F30-4AAC-B1F4-59ACD4287F05}
		{6ED14FDE-C994-421A-BB6A-AFE47450985F} = {DB21433F-4F30-4AAC-B1F4-59ACD4287F05}
		{FBC8155A-0075-4B7C-908E-88E302DED7A9} = {FEA621C6-E63F-4810-BC3D-63306D5F292E}
		{C3E40105-77A0-4DB5-B22C-A62E20314529} = {FEA621C6-E63F-4810-BC3D-63306D5F292E}
		{CF9E84A8-CFDD-43DE-81C6-5D9EEF4D5EA2} = {FEA621C6-E63F-4810-BC3D-63306D5F292E}
	EndGlobalSection
	GlobalSection(ExtensibilityGlobals) = postSolution
		SolutionGuid = {029E4A54-6A35-4BD8-8D17-A81B83A7823E}
	EndGlobalSection
EndGlobal
